
Microsoft Visual Studio Solution File, Format Version 12.00
# Visual Studio Version 16
VisualStudioVersion = 16.0.31424.327
MinimumVisualStudioVersion = 10.0.40219.1
Project("{FAE04EC0-301F-11D3-BF4B-00C04F79EFBC}") = "HolaMundo", "HolaMundo\HolaMundo.csproj", "{4049ED82-7F94-4C92-BD17-EBE03D5FB567}"
EndProject
Global
	GlobalSection(SolutionConfigurationPlatforms) = preSolution
		Debug|Any CPU = Debug|Any CPU
		Release|Any CPU = Release|Any CPU
	EndGlobalSection
	GlobalSection(ProjectConfigurationPlatforms) = postSolution
		{4049ED82-7F94-4C92-BD17-EBE03D5FB567}.Debug|Any CPU.ActiveCfg = Debug|Any CPU
		{4049ED82-7F94-4C92-BD17-EBE03D5FB567}.Debug|Any CPU.Build.0 = Debug|Any CPU
		{4049ED82-7F94-4C92-BD17-EBE03D5FB567}.Release|Any CPU.ActiveCfg = Release|Any CPU
		{4049ED82-7F94-4C92-BD17-EBE03D5FB567}.Release|Any CPU.Build.0 = Release|Any CPU
	EndGlobalSection
	GlobalSection(SolutionProperties) = preSolution
		HideSolutionNode = FALSE
	EndGlobalSection
	GlobalSection(ExtensibilityGlobals) = postSolution
		SolutionGuid = {69E22E71-8882-40DA-B79F-38D54B57AA6E}
	EndGlobalSection
EndGlobal
